
Microsoft Visual Studio Solution File, Format Version 12.00
# Visual Studio Version 17
VisualStudioVersion = 17.0.31903.59
MinimumVisualStudioVersion = 10.0.40219.1
Project("{FAE04EC0-301F-11D3-BF4B-00C04F79EFBC}") = "CreateLotteryLambda.Domain", "CreateLotteryLambda.Domain\CreateLotteryLambda.Domain.csproj", "{5B9F8D7D-A031-4C1A-8C98-244FEB76DBDD}"
EndProject
Project("{FAE04EC0-301F-11D3-BF4B-00C04F79EFBC}") = "CreateLotteryLambda.Infrastructure", "CreateLotteryLambda.Infrastructure\CreateLotteryLambda.Infrastructure.csproj", "{45634057-AF70-48FF-A576-C11196B18603}"
EndProject
Project("{FAE04EC0-301F-11D3-BF4B-00C04F79EFBC}") = "CreateLotteryLambda.Application", "CreateLotteryLambda.Application\CreateLotteryLambda.Application.csproj", "{20947CB2-A2A0-49DC-874D-3A35ED9B7930}"
EndProject
Global
	GlobalSection(SolutionConfigurationPlatforms) = preSolution
		Debug|Any CPU = Debug|Any CPU
		Debug|x64 = Debug|x64
		Debug|x86 = Debug|x86
		Release|Any CPU = Release|Any CPU
		Release|x64 = Release|x64
		Release|x86 = Release|x86
	EndGlobalSection
	GlobalSection(ProjectConfigurationPlatforms) = postSolution
		{5B9F8D7D-A031-4C1A-8C98-244FEB76DBDD}.Debug|Any CPU.ActiveCfg = Debug|Any CPU
		{5B9F8D7D-A031-4C1A-8C98-244FEB76DBDD}.Debug|Any CPU.Build.0 = Debug|Any CPU
		{5B9F8D7D-A031-4C1A-8C98-244FEB76DBDD}.Debug|x64.ActiveCfg = Debug|Any CPU
		{5B9F8D7D-A031-4C1A-8C98-244FEB76DBDD}.Debug|x64.Build.0 = Debug|Any CPU
		{5B9F8D7D-A031-4C1A-8C98-244FEB76DBDD}.Debug|x86.ActiveCfg = Debug|Any CPU
		{5B9F8D7D-A031-4C1A-8C98-244FEB76DBDD}.Debug|x86.Build.0 = Debug|Any CPU
		{5B9F8D7D-A031-4C1A-8C98-244FEB76DBDD}.Release|Any CPU.ActiveCfg = Release|Any CPU
		{5B9F8D7D-A031-4C1A-8C98-244FEB76DBDD}.Release|Any CPU.Build.0 = Release|Any CPU
		{5B9F8D7D-A031-4C1A-8C98-244FEB76DBDD}.Release|x64.ActiveCfg = Release|Any CPU
		{5B9F8D7D-A031-4C1A-8C98-244FEB76DBDD}.Release|x64.Build.0 = Release|Any CPU
		{5B9F8D7D-A031-4C1A-8C98-244FEB76DBDD}.Release|x86.ActiveCfg = Release|Any CPU
		{5B9F8D7D-A031-4C1A-8C98-244FEB76DBDD}.Release|x86.Build.0 = Release|Any CPU
		{45634057-AF70-48FF-A576-C11196B18603}.Debug|Any CPU.ActiveCfg = Debug|Any CPU
		{45634057-AF70-48FF-A576-C11196B18603}.Debug|Any CPU.Build.0 = Debug|Any CPU
		{45634057-AF70-48FF-A576-C11196B18603}.Debug|x64.ActiveCfg = Debug|Any CPU
		{45634057-AF70-48FF-A576-C11196B18603}.Debug|x64.Build.0 = Debug|Any CPU
		{45634057-AF70-48FF-A576-C11196B18603}.Debug|x86.ActiveCfg = Debug|Any CPU
		{45634057-AF70-48FF-A576-C11196B18603}.Debug|x86.Build.0 = Debug|Any CPU
		{45634057-AF70-48FF-A576-C11196B18603}.Release|Any CPU.ActiveCfg = Release|Any CPU
		{45634057-AF70-48FF-A576-C11196B18603}.Release|Any CPU.Build.0 = Release|Any CPU
		{45634057-AF70-48FF-A576-C11196B18603}.Release|x64.ActiveCfg = Release|Any CPU
		{45634057-AF70-48FF-A576-C11196B18603}.Release|x64.Build.0 = Release|Any CPU
		{45634057-AF70-48FF-A576-C11196B18603}.Release|x86.ActiveCfg = Release|Any CPU
		{45634057-AF70-48FF-A576-C11196B18603}.Release|x86.Build.0 = Release|Any CPU
		{20947CB2-A2A0-49DC-874D-3A35ED9B7930}.Debug|Any CPU.ActiveCfg = Debug|Any CPU
		{20947CB2-A2A0-49DC-874D-3A35ED9B7930}.Debug|Any CPU.Build.0 = Debug|Any CPU
		{20947CB2-A2A0-49DC-874D-3A35ED9B7930}.Debug|x64.ActiveCfg = Debug|Any CPU
		{20947CB2-A2A0-49DC-874D-3A35ED9B7930}.Debug|x64.Build.0 = Debug|Any CPU
		{20947CB2-A2A0-49DC-874D-3A35ED9B7930}.Debug|x86.ActiveCfg = Debug|Any CPU
		{20947CB2-A2A0-49DC-874D-3A35ED9B7930}.Debug|x86.Build.0 = Debug|Any CPU
		{20947CB2-A2A0-49DC-874D-3A35ED9B7930}.Release|Any CPU.ActiveCfg = Release|Any CPU
		{20947CB2-A2A0-49DC-874D-3A35ED9B7930}.Release|Any CPU.Build.0 = Release|Any CPU
		{20947CB2-A2A0-49DC-874D-3A35ED9B7930}.Release|x64.ActiveCfg = Release|Any CPU
		{20947CB2-A2A0-49DC-874D-3A35ED9B7930}.Release|x64.Build.0 = Release|Any CPU
		{20947CB2-A2A0-49DC-874D-3A35ED9B7930}.Release|x86.ActiveCfg = Release|Any CPU
		{20947CB2-A2A0-49DC-874D-3A35ED9B7930}.Release|x86.Build.0 = Release|Any CPU
	EndGlobalSection
	GlobalSection(SolutionProperties) = preSolution
		HideSolutionNode = FALSE
	EndGlobalSection
EndGlobal
